github.com/google/uuid v1.6.0 h1:NIvaJDMOsjHA8n1jAhLSgzrAzy1Hgr+hNrb57e+94F0=
github.com/google/uuid v1.6.0/go.mod h1:TIyPZe4MgqvfeYDBFedMoGGpEw/LqOeaOT+nhxU+yHo=
github.com/mattgonewild/common v0.15.3 h1:e5J7zE67NwlPCqbdj4DfaKHRQO5c+/xkGxRnV/ug4ZE=
github.com/mattgonewild/common v0.15.3/go.mod h1:9QJFJk2vI8JZN8yfp06d0+vaxSXWw+tZojpchcZTy7Y=
github.com/mattgonewild/kit v0.1.0 h1:Y+qT4r9GYDtZjwVlJFv4M3Af5o2Nys4A+TJ5Dct8kU4=
github.com/mattgonewild/kit v0.1.0/go.mod h1:cS1oOA885rXmrRWIdspz7xuPyE57DcWWyvK1Y3+/JjA=
